
Microsoft Visual Studio Solution File, Format Version 12.00
# Visual Studio Version 17
VisualStudioVersion = 17.13.35931.197
MinimumVisualStudioVersion = 10.0.40219.1
Project("{FAE04EC0-301F-11D3-BF4B-00C04F79EFBC}") = "PetCare", "PetCare.csproj", "{A94C4F11-88AB-4E5F-985F-EAD12F0BFDD0}"
EndProject
Global
	GlobalSection(SolutionConfigurationPlatforms) = preSolution
		Debug|Any CPU = Debug|Any CPU
		Release|Any CPU = Release|Any CPU
	EndGlobalSection
	GlobalSection(ProjectConfigurationPlatforms) = postSolution
		{A94C4F11-88AB-4E5F-985F-EAD12F0BFDD0}.Debug|Any CPU.ActiveCfg = Debug|Any CPU
		{A94C4F11-88AB-4E5F-985F-EAD12F0BFDD0}.Debug|Any CPU.Build.0 = Debug|Any CPU
		{A94C4F11-88AB-4E5F-985F-EAD12F0BFDD0}.Release|Any CPU.ActiveCfg = Release|Any CPU
		{A94C4F11-88AB-4E5F-985F-EAD12F0BFDD0}.Release|Any CPU.Build.0 = Release|Any CPU
	EndGlobalSection
	GlobalSection(SolutionProperties) = preSolution
		HideSolutionNode = FALSE
	EndGlobalSection
	GlobalSection(ExtensibilityGlobals) = postSolution
		SolutionGuid = {10A43C79-9690-4452-AD4F-FB7B4C26C3D7}
	EndGlobalSection
EndGlobal
